
Microsoft Visual Studio Solution File, Format Version 12.00
# Visual Studio 14
VisualStudioVersion = 14.0.23107.0
MinimumVisualStudioVersion = 10.0.40219.1
Project("{FAE04EC0-301F-11D3-BF4B-00C04F79EFBC}") = "RestServiceV1", "RestServiceV1\RestServiceV1.csproj", "{D261675E-03D8-4D11-928F-A415BE0270D5}"
EndProject
Project("{CC5FD16D-436D-48AD-A40C-5A424C6E3E79}") = "AzureCloudService", "AzureCloudService\AzureCloudService.ccproj", "{6E05E7EB-5B4F-4342-A3A4-0C3DC572534A}"
EndProject
Project("{2150E333-8FDC-42A3-9474-1A3956D46DE8}") = "Tests", "Tests", "{B9D38DCB-3F08-43C6-8939-2CF98C4589DF}"
EndProject
Project("{FAE04EC0-301F-11D3-BF4B-00C04F79EFBC}") = "CommandTests", "CommandTests\CommandTests.csproj", "{34B4AAD3-ED43-44E4-9AEF-F65E44DC9593}"
EndProject
Global
	GlobalSection(SolutionConfigurationPlatforms) = preSolution
		Debug|Any CPU = Debug|Any CPU
		Release|Any CPU = Release|Any CPU
	EndGlobalSection
	GlobalSection(ProjectConfigurationPlatforms) = postSolution
		{D261675E-03D8-4D11-928F-A415BE0270D5}.Debug|Any CPU.ActiveCfg = Debug|Any CPU
		{D261675E-03D8-4D11-928F-A415BE0270D5}.Debug|Any CPU.Build.0 = Debug|Any CPU
		{D261675E-03D8-4D11-928F-A415BE0270D5}.Release|Any CPU.ActiveCfg = Release|Any CPU
		{D261675E-03D8-4D11-928F-A415BE0270D5}.Release|Any CPU.Build.0 = Release|Any CPU
		{6E05E7EB-5B4F-4342-A3A4-0C3DC572534A}.Debug|Any CPU.ActiveCfg = Debug|Any CPU
		{6E05E7EB-5B4F-4342-A3A4-0C3DC572534A}.Debug|Any CPU.Build.0 = Debug|Any CPU
		{6E05E7EB-5B4F-4342-A3A4-0C3DC572534A}.Release|Any CPU.ActiveCfg = Release|Any CPU
		{6E05E7EB-5B4F-4342-A3A4-0C3DC572534A}.Release|Any CPU.Build.0 = Release|Any CPU
		{34B4AAD3-ED43-44E4-9AEF-F65E44DC9593}.Debug|Any CPU.ActiveCfg = Debug|Any CPU
		{34B4AAD3-ED43-44E4-9AEF-F65E44DC9593}.Debug|Any CPU.Build.0 = Debug|Any CPU
		{34B4AAD3-ED43-44E4-9AEF-F65E44DC9593}.Release|Any CPU.ActiveCfg = Release|Any CPU
		{34B4AAD3-ED43-44E4-9AEF-F65E44DC9593}.Release|Any CPU.Build.0 = Release|Any CPU
	EndGlobalSection
	GlobalSection(SolutionProperties) = preSolution
		HideSolutionNode = FALSE
	EndGlobalSection
	GlobalSection(NestedProjects) = preSolution
		{34B4AAD3-ED43-44E4-9AEF-F65E44DC9593} = {B9D38DCB-3F08-43C6-8939-2CF98C4589DF}
	EndGlobalSection
EndGlobal
